// !$*UTF8*$!
{
	archiveVersion = 1;
	classes = {
	};
	objectVersion = 46;
	objects = {

/* Begin PBXBuildFile section */
		28BF8C461CEF4B2700CB7B5A /* AppDelegate.swift in Sources */ = {isa = PBXBuildFile; fileRef = 28BF8C451CEF4B2700CB7B5A /* AppDelegate.swift */; };
		28BF8C481CEF4B2700CB7B5A /* ViewController.swift in Sources */ = {isa = PBXBuildFile; fileRef = 28BF8C471CEF4B2700CB7B5A /* ViewController.swift */; };
		28BF8C4B1CEF4B2700CB7B5A /* Main.storyboard in Resources */ = {isa = PBXBuildFile; fileRef = 28BF8C491CEF4B2700CB7B5A /* Main.storyboard */; };
		28BF8C4D1CEF4B2700CB7B5A /* Assets.xcassets in Resources */ = {isa = PBXBuildFile; fileRef = 28BF8C4C1CEF4B2700CB7B5A /* Assets.xcassets */; };
		28BF8C501CEF4B2700CB7B5A /* LaunchScreen.storyboard in Resources */ = {isa = PBXBuildFile; fileRef = 28BF8C4E1CEF4B2700CB7B5A /* LaunchScreen.storyboard */; };
		BD2823F91DEDE588008B0706 /* ProvisioningProfileInspector.m in Sources */ = {isa = PBXBuildFile; fileRef = BD2823F81DEDE588008B0706 /* ProvisioningProfileInspector.m */; };
/* End PBXBuildFile section */

/* Begin PBXFileReference section */
		2806378F1DB920E900AEF760 /* NotifySwiftQuickstart.entitlements */ = {isa = PBXFileReference; lastKnownFileType = text.plist.entitlements; path = NotifySwiftQuickstart.entitlements; sourceTree = "<group>"; };
		28BF8C421CEF4B2700CB7B5A /* NotifySwiftQuickstart.app */ = {isa = PBXFileReference; explicitFileType = wrapper.application; includeInIndex = 0; path = NotifySwiftQuickstart.app; sourceTree = BUILT_PRODUCTS_DIR; };
		28BF8C451CEF4B2700CB7B5A /* AppDelegate.swift */ = {isa = PBXFileReference; lastKnownFileType = sourcecode.swift; path = AppDelegate.swift; sourceTree = "<group>"; };
		28BF8C471CEF4B2700CB7B5A /* ViewController.swift */ = {isa = PBXFileReference; lastKnownFileType = sourcecode.swift; path = ViewController.swift; sourceTree = "<group>"; };
		28BF8C4A1CEF4B2700CB7B5A /* Base */ = {isa = PBXFileReference; lastKnownFileType = file.storyboard; name = Base; path = Base.lproj/Main.storyboard; sourceTree = "<group>"; };
		28BF8C4C1CEF4B2700CB7B5A /* Assets.xcassets */ = {isa = PBXFileReference; lastKnownFileType = folder.assetcatalog; path = Assets.xcassets; sourceTree = "<group>"; };
		28BF8C4F1CEF4B2700CB7B5A /* Base */ = {isa = PBXFileReference; lastKnownFileType = file.storyboard; name = Base; path = Base.lproj/LaunchScreen.storyboard; sourceTree = "<group>"; };
		28BF8C511CEF4B2700CB7B5A /* Info.plist */ = {isa = PBXFileReference; lastKnownFileType = text.plist.xml; path = Info.plist; sourceTree = "<group>"; };
		BD2823F61DEDE52E008B0706 /* ProvisioningProfileInspector.h */ = {isa = PBXFileReference; lastKnownFileType = sourcecode.c.h; path = ProvisioningProfileInspector.h; sourceTree = "<group>"; };
		BD2823F71DEDE588008B0706 /* NotifySwiftQuickstart-Bridging-Header.h */ = {isa = PBXFileReference; lastKnownFileType = sourcecode.c.h; path = "NotifySwiftQuickstart-Bridging-Header.h"; sourceTree = "<group>"; };
		BD2823F81DEDE588008B0706 /* ProvisioningProfileInspector.m */ = {isa = PBXFileReference; fileEncoding = 4; lastKnownFileType = sourcecode.c.objc; name = ProvisioningProfileInspector.m; path = ../ProvisioningProfileInspector.m; sourceTree = "<group>"; };
/* End PBXFileReference section */

/* Begin PBXFrameworksBuildPhase section */
		28BF8C3F1CEF4B2700CB7B5A /* Frameworks */ = {
			isa = PBXFrameworksBuildPhase;
			buildActionMask = 2147483647;
			files = (
			);
			runOnlyForDeploymentPostprocessing = 0;
		};
/* End PBXFrameworksBuildPhase section */

/* Begin PBXGroup section */
		28BF8C391CEF4B2700CB7B5A = {
			isa = PBXGroup;
			children = (
				28BF8C441CEF4B2700CB7B5A /* NotifySwiftQuickstart */,
				28BF8C431CEF4B2700CB7B5A /* Products */,
				BD2823F71DEDE588008B0706 /* NotifySwiftQuickstart-Bridging-Header.h */,
			);
			sourceTree = "<group>";
		};
		28BF8C431CEF4B2700CB7B5A /* Products */ = {
			isa = PBXGroup;
			children = (
				28BF8C421CEF4B2700CB7B5A /* NotifySwiftQuickstart.app */,
			);
			name = Products;
			sourceTree = "<group>";
		};
		28BF8C441CEF4B2700CB7B5A /* NotifySwiftQuickstart */ = {
			isa = PBXGroup;
			children = (
				BD2823F81DEDE588008B0706 /* ProvisioningProfileInspector.m */,
				2806378F1DB920E900AEF760 /* NotifySwiftQuickstart.entitlements */,
				28BF8C451CEF4B2700CB7B5A /* AppDelegate.swift */,
				28BF8C471CEF4B2700CB7B5A /* ViewController.swift */,
				28BF8C491CEF4B2700CB7B5A /* Main.storyboard */,
				28BF8C4C1CEF4B2700CB7B5A /* Assets.xcassets */,
				28BF8C4E1CEF4B2700CB7B5A /* LaunchScreen.storyboard */,
				28BF8C511CEF4B2700CB7B5A /* Info.plist */,
				BD2823F61DEDE52E008B0706 /* ProvisioningProfileInspector.h */,
			);
			path = NotifySwiftQuickstart;
			sourceTree = "<group>";
		};
/* End PBXGroup section */

/* Begin PBXNativeTarget section */
		28BF8C411CEF4B2700CB7B5A /* NotifySwiftQuickstart */ = {
			isa = PBXNativeTarget;
			buildConfigurationList = 28BF8C541CEF4B2700CB7B5A /* Build configuration list for PBXNativeTarget "NotifySwiftQuickstart" */;
			buildPhases = (
				28BF8C3E1CEF4B2700CB7B5A /* Sources */,
				28BF8C3F1CEF4B2700CB7B5A /* Frameworks */,
				28BF8C401CEF4B2700CB7B5A /* Resources */,
			);
			buildRules = (
			);
			dependencies = (
			);
			name = NotifySwiftQuickstart;
			productName = NotifySwiftQuickstart;
			productReference = 28BF8C421CEF4B2700CB7B5A /* NotifySwiftQuickstart.app */;
			productType = "com.apple.product-type.application";
		};
/* End PBXNativeTarget section */

/* Begin PBXProject section */
		28BF8C3A1CEF4B2700CB7B5A /* Project object */ = {
			isa = PBXProject;
			attributes = {
				LastSwiftUpdateCheck = 0730;
				LastUpgradeCheck = 0730;
				ORGANIZATIONNAME = "Twilio, Inc.";
				TargetAttributes = {
					28BF8C411CEF4B2700CB7B5A = {
						CreatedOnToolsVersion = 7.3.1;
						DevelopmentTeam = 9SS24D6XQ5;
						LastSwiftMigration = 0810;
						SystemCapabilities = {
							com.apple.Push = {
								enabled = 1;
							};
						};
					};
				};
			};
			buildConfigurationList = 28BF8C3D1CEF4B2700CB7B5A /* Build configuration list for PBXProject "NotifySwiftQuickstart" */;
			compatibilityVersion = "Xcode 3.2";
			developmentRegion = English;
			hasScannedForEncodings = 0;
			knownRegions = (
				en,
				Base,
			);
			mainGroup = 28BF8C391CEF4B2700CB7B5A;
			productRefGroup = 28BF8C431CEF4B2700CB7B5A /* Products */;
			projectDirPath = "";
			projectRoot = "";
			targets = (
				28BF8C411CEF4B2700CB7B5A /* NotifySwiftQuickstart */,
			);
		};
/* End PBXProject section */

/* Begin PBXResourcesBuildPhase section */
		28BF8C401CEF4B2700CB7B5A /* Resources */ = {
			isa = PBXResourcesBuildPhase;
			buildActionMask = 2147483647;
			files = (
				28BF8C501CEF4B2700CB7B5A /* LaunchScreen.storyboard in Resources */,
				28BF8C4D1CEF4B2700CB7B5A /* Assets.xcassets in Resources */,
				28BF8C4B1CEF4B2700CB7B5A /* Main.storyboard in Resources */,
			);
			runOnlyForDeploymentPostprocessing = 0;
		};
/* End PBXResourcesBuildPhase section */

/* Begin PBXSourcesBuildPhase section */
		28BF8C3E1CEF4B2700CB7B5A /* Sources */ = {
			isa = PBXSourcesBuildPhase;
			buildActionMask = 2147483647;
			files = (
				28BF8C481CEF4B2700CB7B5A /* ViewController.swift in Sources */,
				28BF8C461CEF4B2700CB7B5A /* AppDelegate.swift in Sources */,
				BD2823F91DEDE588008B0706 /* ProvisioningProfileInspector.m in Sources */,
			);
			runOnlyForDeploymentPostprocessing = 0;
		};
/* End PBXSourcesBuildPhase section */

/* Begin PBXVariantGroup section */
		28BF8C491CEF4B2700CB7B5A /* Main.storyboard */ = {
			isa = PBXVariantGroup;
			children = (
				28BF8C4A1CEF4B2700CB7B5A /* Base */,
			);
			name = Main.storyboard;
			sourceTree = "<group>";
		};
		28BF8C4E1CEF4B2700CB7B5A /* LaunchScreen.storyboard */ = {
			isa = PBXVariantGroup;
			children = (
				28BF8C4F1CEF4B2700CB7B5A /* Base */,
			);
			name = LaunchScreen.storyboard;
			sourceTree = "<group>";
		};
/* End PBXVariantGroup section */

/* Begin XCBuildConfiguration section */
		28BF8C521CEF4B2700CB7B5A /* Debug */ = {
			isa = XCBuildConfiguration;
			buildSettings = {
				ALWAYS_SEARCH_USER_PATHS = NO;
				CLANG_ANALYZER_NONNULL = YES;
				CLANG_CXX_LANGUAGE_STANDARD = "gnu++0x";
				CLANG_CXX_LIBRARY = "libc++";
				CLANG_ENABLE_MODULES = YES;
				CLANG_ENABLE_OBJC_ARC = YES;
				CLANG_WARN_BOOL_CONVERSION = YES;
				CLANG_WARN_CONSTANT_CONVERSION = YES;
				CLANG_WARN_DIRECT_OBJC_ISA_USAGE = YES_ERROR;
				CLANG_WARN_EMPTY_BODY = YES;
				CLANG_WARN_ENUM_CONVERSION = YES;
				CLANG_WARN_INT_CONVERSION = YES;
				CLANG_WARN_OBJC_ROOT_CLASS = YES_ERROR;
				CLANG_WARN_UNREACHABLE_CODE = YES;
				CLANG_WARN__DUPLICATE_METHOD_MATCH = YES;
				CODE_SIGN_IDENTITY = "iPhone Developer";
				"CODE_SIGN_IDENTITY[sdk=*]" = "iPhone Developer";
				COPY_PHASE_STRIP = NO;
				DEBUG_INFORMATION_FORMAT = dwarf;
				ENABLE_STRICT_OBJC_MSGSEND = YES;
				ENABLE_TESTABILITY = YES;
				GCC_C_LANGUAGE_STANDARD = gnu99;
				GCC_DYNAMIC_NO_PIC = NO;
				GCC_NO_COMMON_BLOCKS = YES;
				GCC_OPTIMIZATION_LEVEL = 0;
				GCC_PREPROCESSOR_DEFINITIONS = (
					"DEBUG=1",
					"$(inherited)",
				);
				GCC_WARN_64_TO_32_BIT_CONVERSION = YES;
				GCC_WARN_ABOUT_RETURN_TYPE = YES_ERROR;
				GCC_WARN_UNDECLARED_SELECTOR = YES;
				GCC_WARN_UNINITIALIZED_AUTOS = YES_AGGRESSIVE;
				GCC_WARN_UNUSED_FUNCTION = YES;
				GCC_WARN_UNUSED_VARIABLE = YES;
				IPHONEOS_DEPLOYMENT_TARGET = 8.0;
				MTL_ENABLE_DEBUG_INFO = YES;
				ONLY_ACTIVE_ARCH = YES;
				SDKROOT = iphoneos;
				SWIFT_OPTIMIZATION_LEVEL = "-Onone";
				TARGETED_DEVICE_FAMILY = "1,2";
			};
			name = Debug;
		};
		28BF8C531CEF4B2700CB7B5A /* Release */ = {
			isa = XCBuildConfiguration;
			buildSettings = {
				ALWAYS_SEARCH_USER_PATHS = NO;
				CLANG_ANALYZER_NONNULL = YES;
				CLANG_CXX_LANGUAGE_STANDARD = "gnu++0x";
				CLANG_CXX_LIBRARY = "libc++";
				CLANG_ENABLE_MODULES = YES;
				CLANG_ENABLE_OBJC_ARC = YES;
				CLANG_WARN_BOOL_CONVERSION = YES;
				CLANG_WARN_CONSTANT_CONVERSION = YES;
				CLANG_WARN_DIRECT_OBJC_ISA_USAGE = YES_ERROR;
				CLANG_WARN_EMPTY_BODY = YES;
				CLANG_WARN_ENUM_CONVERSION = YES;
				CLANG_WARN_INT_CONVERSION = YES;
				CLANG_WARN_OBJC_ROOT_CLASS = YES_ERROR;
				CLANG_WARN_UNREACHABLE_CODE = YES;
				CLANG_WARN__DUPLICATE_METHOD_MATCH = YES;
				CODE_SIGN_IDENTITY = "iPhone Developer";
				"CODE_SIGN_IDENTITY[sdk=iphoneos*]" = "iPhone Developer";
				COPY_PHASE_STRIP = NO;
				DEBUG_INFORMATION_FORMAT = "dwarf-with-dsym";
				ENABLE_NS_ASSERTIONS = NO;
				ENABLE_STRICT_OBJC_MSGSEND = YES;
				GCC_C_LANGUAGE_STANDARD = gnu99;
				GCC_NO_COMMON_BLOCKS = YES;
				GCC_WARN_64_TO_32_BIT_CONVERSION = YES;
				GCC_WARN_ABOUT_RETURN_TYPE = YES_ERROR;
				GCC_WARN_UNDECLARED_SELECTOR = YES;
				GCC_WARN_UNINITIALIZED_AUTOS = YES_AGGRESSIVE;
				GCC_WARN_UNUSED_FUNCTION = YES;
				GCC_WARN_UNUSED_VARIABLE = YES;
				IPHONEOS_DEPLOYMENT_TARGET = 8.0;
				MTL_ENABLE_DEBUG_INFO = NO;
				SDKROOT = iphoneos;
				TARGETED_DEVICE_FAMILY = "1,2";
				VALIDATE_PRODUCT = YES;
			};
			name = Release;
		};
		28BF8C551CEF4B2700CB7B5A /* Debug */ = {
			isa = XCBuildConfiguration;
			buildSettings = {
				ASSETCATALOG_COMPILER_APPICON_NAME = AppIcon;
				CLANG_ENABLE_MODULES = YES;
				CODE_SIGN_ENTITLEMENTS = NotifySwiftQuickstart/NotifySwiftQuickstart.entitlements;
				DEVELOPMENT_TEAM = 9SS24D6XQ5;
				INFOPLIST_FILE = NotifySwiftQuickstart/Info.plist;
				IPHONEOS_DEPLOYMENT_TARGET = 8.0;
				LD_RUNPATH_SEARCH_PATHS = "$(inherited) @executable_path/Frameworks";
				PRODUCT_BUNDLE_IDENTIFIER = com.twilio.notify.NotifySwiftQuickstart;
				PRODUCT_NAME = "$(TARGET_NAME)";
				SWIFT_OBJC_BRIDGING_HEADER = "NotifySwiftQuickstart-Bridging-Header.h";
				SWIFT_OPTIMIZATION_LEVEL = "-Onone";
				SWIFT_VERSION = 3.0;
			};
			name = Debug;
		};
		28BF8C561CEF4B2700CB7B5A /* Release */ = {
			isa = XCBuildConfiguration;
			buildSettings = {
				ASSETCATALOG_COMPILER_APPICON_NAME = AppIcon;
				CLANG_ENABLE_MODULES = YES;
				CODE_SIGN_ENTITLEMENTS = NotifySwiftQuickstart/NotifySwiftQuickstart.entitlements;
				DEVELOPMENT_TEAM = 9SS24D6XQ5;
				INFOPLIST_FILE = NotifySwiftQuickstart/Info.plist;
				IPHONEOS_DEPLOYMENT_TARGET = 8.0;
				LD_RUNPATH_SEARCH_PATHS = "$(inherited) @executable_path/Frameworks";
				PRODUCT_BUNDLE_IDENTIFIER = com.twilio.notify.NotifySwiftQuickstart;
				PRODUCT_NAME = "$(TARGET_NAME)";
				SWIFT_OBJC_BRIDGING_HEADER = "NotifySwiftQuickstart-Bridging-Header.h";
				SWIFT_VERSION = 3.0;
			};
			name = Release;
		};
/* End XCBuildConfiguration section */

/* Begin XCConfigurationList section */
		28BF8C3D1CEF4B2700CB7B5A /* Build configuration list for PBXProject "NotifySwiftQuickstart" */ = {
			isa = XCConfigurationList;
			buildConfigurations = (
				28BF8C521CEF4B2700CB7B5A /* Debug */,
				28BF8C531CEF4B2700CB7B5A /* Release */,
			);
			defaultConfigurationIsVisible = 0;
			defaultConfigurationName = Release;
		};
		28BF8C541CEF4B2700CB7B5A /* Build configuration list for PBXNativeTarget "NotifySwiftQuickstart" */ = {
			isa = XCConfigurationList;
			buildConfigurations = (
				28BF8C551CEF4B2700CB7B5A /* Debug */,
				28BF8C561CEF4B2700CB7B5A /* Release */,
			);
			defaultConfigurationIsVisible = 0;
			defaultConfigurationName = Release;
		};
/* End XCConfigurationList section */
	};
	rootObject = 28BF8C3A1CEF4B2700CB7B5A /* Project object */;
}
